// !$*UTF8*$!
{
	archiveVersion = 1;
	classes = {
	};
	objectVersion = 46;
	objects = {

/* Begin PBXBuildFile section */
		18C329E81D075D5F005555F4 /* DetailRecipeTableViewController.swift in Sources */ = {isa = PBXBuildFile; fileRef = 18C329E71D075D5F005555F4 /* DetailRecipeTableViewController.swift */; };
		B26F85161D015376009E632F /* AppDelegate.swift in Sources */ = {isa = PBXBuildFile; fileRef = B26F85151D015376009E632F /* AppDelegate.swift */; };
		B26F85181D015376009E632F /* ViewController.swift in Sources */ = {isa = PBXBuildFile; fileRef = B26F85171D015376009E632F /* ViewController.swift */; };
		B26F851B1D015376009E632F /* Main.storyboard in Resources */ = {isa = PBXBuildFile; fileRef = B26F85191D015376009E632F /* Main.storyboard */; };
		B26F851D1D015376009E632F /* Assets.xcassets in Resources */ = {isa = PBXBuildFile; fileRef = B26F851C1D015376009E632F /* Assets.xcassets */; };
		B26F85201D015376009E632F /* LaunchScreen.storyboard in Resources */ = {isa = PBXBuildFile; fileRef = B26F851E1D015376009E632F /* LaunchScreen.storyboard */; };
		B26F85281D0154E2009E632F /* MenuViewController.swift in Sources */ = {isa = PBXBuildFile; fileRef = B26F85271D0154E2009E632F /* MenuViewController.swift */; };
		B27F590D1D039A6300CF75EA /* RecipeViewController.swift in Sources */ = {isa = PBXBuildFile; fileRef = B27F590C1D039A6300CF75EA /* RecipeViewController.swift */; };
		B27F590F1D039E5300CF75EA /* SearchRecipeViewController.swift in Sources */ = {isa = PBXBuildFile; fileRef = B27F590E1D039E5300CF75EA /* SearchRecipeViewController.swift */; };
		B27F59111D039EFB00CF75EA /* RecipeItem.swift in Sources */ = {isa = PBXBuildFile; fileRef = B27F59101D039EFB00CF75EA /* RecipeItem.swift */; };
		B27F59131D03A57200CF75EA /* RecipeCell.swift in Sources */ = {isa = PBXBuildFile; fileRef = B27F59121D03A57200CF75EA /* RecipeCell.swift */; };
/* End PBXBuildFile section */

/* Begin PBXFileReference section */
		18C329E71D075D5F005555F4 /* DetailRecipeTableViewController.swift */ = {isa = PBXFileReference; fileEncoding = 4; lastKnownFileType = sourcecode.swift; path = DetailRecipeTableViewController.swift; sourceTree = "<group>"; };
		B26F85121D015376009E632F /* Forage.app */ = {isa = PBXFileReference; explicitFileType = wrapper.application; includeInIndex = 0; path = Forage.app; sourceTree = BUILT_PRODUCTS_DIR; };
		B26F85151D015376009E632F /* AppDelegate.swift */ = {isa = PBXFileReference; lastKnownFileType = sourcecode.swift; path = AppDelegate.swift; sourceTree = "<group>"; };
		B26F85171D015376009E632F /* ViewController.swift */ = {isa = PBXFileReference; lastKnownFileType = sourcecode.swift; path = ViewController.swift; sourceTree = "<group>"; };
		B26F851A1D015376009E632F /* Base */ = {isa = PBXFileReference; lastKnownFileType = file.storyboard; name = Base; path = Base.lproj/Main.storyboard; sourceTree = "<group>"; };
		B26F851C1D015376009E632F /* Assets.xcassets */ = {isa = PBXFileReference; lastKnownFileType = folder.assetcatalog; path = Assets.xcassets; sourceTree = "<group>"; };
		B26F851F1D015376009E632F /* Base */ = {isa = PBXFileReference; lastKnownFileType = file.storyboard; name = Base; path = Base.lproj/LaunchScreen.storyboard; sourceTree = "<group>"; };
		B26F85211D015376009E632F /* Info.plist */ = {isa = PBXFileReference; lastKnownFileType = text.plist.xml; path = Info.plist; sourceTree = "<group>"; };
		B26F85271D0154E2009E632F /* MenuViewController.swift */ = {isa = PBXFileReference; fileEncoding = 4; lastKnownFileType = sourcecode.swift; path = MenuViewController.swift; sourceTree = "<group>"; };
		B27F590C1D039A6300CF75EA /* RecipeViewController.swift */ = {isa = PBXFileReference; fileEncoding = 4; lastKnownFileType = sourcecode.swift; path = RecipeViewController.swift; sourceTree = "<group>"; };
		B27F590E1D039E5300CF75EA /* SearchRecipeViewController.swift */ = {isa = PBXFileReference; fileEncoding = 4; lastKnownFileType = sourcecode.swift; path = SearchRecipeViewController.swift; sourceTree = "<group>"; };
		B27F59101D039EFB00CF75EA /* RecipeItem.swift */ = {isa = PBXFileReference; fileEncoding = 4; lastKnownFileType = sourcecode.swift; path = RecipeItem.swift; sourceTree = "<group>"; };
		B27F59121D03A57200CF75EA /* RecipeCell.swift */ = {isa = PBXFileReference; fileEncoding = 4; lastKnownFileType = sourcecode.swift; path = RecipeCell.swift; sourceTree = "<group>"; };
/* End PBXFileReference section */

/* Begin PBXFrameworksBuildPhase section */
		B26F850F1D015376009E632F /* Frameworks */ = {
			isa = PBXFrameworksBuildPhase;
			buildActionMask = 2147483647;
			files = (
			);
			runOnlyForDeploymentPostprocessing = 0;
		};
/* End PBXFrameworksBuildPhase section */

/* Begin PBXGroup section */
		B26F85091D015376009E632F = {
			isa = PBXGroup;
			children = (
				B26F85141D015376009E632F /* Forage */,
				B26F85131D015376009E632F /* Products */,
			);
			sourceTree = "<group>";
		};
		B26F85131D015376009E632F /* Products */ = {
			isa = PBXGroup;
			children = (
				B26F85121D015376009E632F /* Forage.app */,
			);
			name = Products;
			sourceTree = "<group>";
		};
		B26F85141D015376009E632F /* Forage */ = {
			isa = PBXGroup;
			children = (
				B26F85151D015376009E632F /* AppDelegate.swift */,
				B26F85171D015376009E632F /* ViewController.swift */,
				B26F85191D015376009E632F /* Main.storyboard */,
				B26F851C1D015376009E632F /* Assets.xcassets */,
				B26F851E1D015376009E632F /* LaunchScreen.storyboard */,
				B26F85211D015376009E632F /* Info.plist */,
				B26F85271D0154E2009E632F /* MenuViewController.swift */,
				B27F590C1D039A6300CF75EA /* RecipeViewController.swift */,
				B27F590E1D039E5300CF75EA /* SearchRecipeViewController.swift */,
				B27F59101D039EFB00CF75EA /* RecipeItem.swift */,
				B27F59121D03A57200CF75EA /* RecipeCell.swift */,
				18C329E71D075D5F005555F4 /* DetailRecipeTableViewController.swift */,
			);
			path = Forage;
			sourceTree = "<group>";
		};
/* End PBXGroup section */

/* Begin PBXNativeTarget section */
		B26F85111D015376009E632F /* Forage */ = {
			isa = PBXNativeTarget;
			buildConfigurationList = B26F85241D015376009E632F /* Build configuration list for PBXNativeTarget "Forage" */;
			buildPhases = (
				B26F850E1D015376009E632F /* Sources */,
				B26F850F1D015376009E632F /* Frameworks */,
				B26F85101D015376009E632F /* Resources */,
			);
			buildRules = (
			);
			dependencies = (
			);
			name = Forage;
			productName = Forage;
			productReference = B26F85121D015376009E632F /* Forage.app */;
			productType = "com.apple.product-type.application";
		};
/* End PBXNativeTarget section */

/* Begin PBXProject section */
		B26F850A1D015376009E632F /* Project object */ = {
			isa = PBXProject;
			attributes = {
				LastSwiftUpdateCheck = 0730;
				LastUpgradeCheck = 0730;
				ORGANIZATIONNAME = Derivative;
				TargetAttributes = {
					B26F85111D015376009E632F = {
						CreatedOnToolsVersion = 7.3.1;
						DevelopmentTeam = 4UY97DU8LP;
					};
				};
			};
			buildConfigurationList = B26F850D1D015376009E632F /* Build configuration list for PBXProject "Forage" */;
			compatibilityVersion = "Xcode 3.2";
			developmentRegion = English;
			hasScannedForEncodings = 0;
			knownRegions = (
				en,
				Base,
			);
			mainGroup = B26F85091D015376009E632F;
			productRefGroup = B26F85131D015376009E632F /* Products */;
			projectDirPath = "";
			projectRoot = "";
			targets = (
				B26F85111D015376009E632F /* Forage */,
			);
		};
/* End PBXProject section */

/* Begin PBXResourcesBuildPhase section */
		B26F85101D015376009E632F /* Resources */ = {
			isa = PBXResourcesBuildPhase;
			buildActionMask = 2147483647;
			files = (
				B26F85201D015376009E632F /* LaunchScreen.storyboard in Resources */,
				B26F851D1D015376009E632F /* Assets.xcassets in Resources */,
				B26F851B1D015376009E632F /* Main.storyboard in Resources */,
			);
			runOnlyForDeploymentPostprocessing = 0;
		};
/* End PBXResourcesBuildPhase section */

/* Begin PBXSourcesBuildPhase section */
		B26F850E1D015376009E632F /* Sources */ = {
			isa = PBXSourcesBuildPhase;
			buildActionMask = 2147483647;
			files = (
				B27F590D1D039A6300CF75EA /* RecipeViewController.swift in Sources */,
				B27F590F1D039E5300CF75EA /* SearchRecipeViewController.swift in Sources */,
				18C329E81D075D5F005555F4 /* DetailRecipeTableViewController.swift in Sources */,
				B27F59111D039EFB00CF75EA /* RecipeItem.swift in Sources */,
				B27F59131D03A57200CF75EA /* RecipeCell.swift in Sources */,
				B26F85181D015376009E632F /* ViewController.swift in Sources */,
				B26F85281D0154E2009E632F /* MenuViewController.swift in Sources */,
				B26F85161D015376009E632F /* AppDelegate.swift in Sources */,
			);
			runOnlyForDeploymentPostprocessing = 0;
		};
/* End PBXSourcesBuildPhase section */

/* Begin PBXVariantGroup section */
		B26F85191D015376009E632F /* Main.storyboard */ = {
			isa = PBXVariantGroup;
			children = (
				B26F851A1D015376009E632F /* Base */,
			);
			name = Main.storyboard;
			sourceTree = "<group>";
		};
		B26F851E1D015376009E632F /* LaunchScreen.storyboard */ = {
			isa = PBXVariantGroup;
			children = (
				B26F851F1D015376009E632F /* Base */,
			);
			name = LaunchScreen.storyboard;
			sourceTree = "<group>";
		};
/* End PBXVariantGroup section */

/* Begin XCBuildConfiguration section */
		B26F85221D015376009E632F /* Debug */ = {
			isa = XCBuildConfiguration;
			buildSettings = {
				ALWAYS_SEARCH_USER_PATHS = NO;
				CLANG_ANALYZER_NONNULL = YES;
				CLANG_CXX_LANGUAGE_STANDARD = "gnu++0x";
				CLANG_CXX_LIBRARY = "libc++";
				CLANG_ENABLE_MODULES = YES;
				CLANG_ENABLE_OBJC_ARC = YES;
				CLANG_WARN_BOOL_CONVERSION = YES;
				CLANG_WARN_CONSTANT_CONVERSION = YES;
				CLANG_WARN_DIRECT_OBJC_ISA_USAGE = YES_ERROR;
				CLANG_WARN_EMPTY_BODY = YES;
				CLANG_WARN_ENUM_CONVERSION = YES;
				CLANG_WARN_INT_CONVERSION = YES;
				CLANG_WARN_OBJC_ROOT_CLASS = YES_ERROR;
				CLANG_WARN_UNREACHABLE_CODE = YES;
				CLANG_WARN__DUPLICATE_METHOD_MATCH = YES;
				"CODE_SIGN_IDENTITY[sdk=iphoneos*]" = "iPhone Developer";
				COPY_PHASE_STRIP = NO;
				DEBUG_INFORMATION_FORMAT = dwarf;
				ENABLE_STRICT_OBJC_MSGSEND = YES;
				ENABLE_TESTABILITY = YES;
				GCC_C_LANGUAGE_STANDARD = gnu99;
				GCC_DYNAMIC_NO_PIC = NO;
				GCC_NO_COMMON_BLOCKS = YES;
				GCC_OPTIMIZATION_LEVEL = 0;
				GCC_PREPROCESSOR_DEFINITIONS = (
					"DEBUG=1",
					"$(inherited)",
				);
				GCC_WARN_64_TO_32_BIT_CONVERSION = YES;
				GCC_WARN_ABOUT_RETURN_TYPE = YES_ERROR;
				GCC_WARN_UNDECLARED_SELECTOR = YES;
				GCC_WARN_UNINITIALIZED_AUTOS = YES_AGGRESSIVE;
				GCC_WARN_UNUSED_FUNCTION = YES;
				GCC_WARN_UNUSED_VARIABLE = YES;
				IPHONEOS_DEPLOYMENT_TARGET = 9.3;
				MTL_ENABLE_DEBUG_INFO = YES;
				ONLY_ACTIVE_ARCH = YES;
				SDKROOT = iphoneos;
				SWIFT_OPTIMIZATION_LEVEL = "-Onone";
			};
			name = Debug;
		};
		B26F85231D015376009E632F /* Release */ = {
			isa = XCBuildConfiguration;
			buildSettings = {
				ALWAYS_SEARCH_USER_PATHS = NO;
				CLANG_ANALYZER_NONNULL = YES;
				CLANG_CXX_LANGUAGE_STANDARD = "gnu++0x";
				CLANG_CXX_LIBRARY = "libc++";
				CLANG_ENABLE_MODULES = YES;
				CLANG_ENABLE_OBJC_ARC = YES;
				CLANG_WARN_BOOL_CONVERSION = YES;
				CLANG_WARN_CONSTANT_CONVERSION = YES;
				CLANG_WARN_DIRECT_OBJC_ISA_USAGE = YES_ERROR;
				CLANG_WARN_EMPTY_BODY = YES;
				CLANG_WARN_ENUM_CONVERSION = YES;
				CLANG_WARN_INT_CONVERSION = YES;
				CLANG_WARN_OBJC_ROOT_CLASS = YES_ERROR;
				CLANG_WARN_UNREACHABLE_CODE = YES;
				CLANG_WARN__DUPLICATE_METHOD_MATCH = YES;
				"CODE_SIGN_IDENTITY[sdk=iphoneos*]" = "iPhone Developer";
				COPY_PHASE_STRIP = NO;
				DEBUG_INFORMATION_FORMAT = "dwarf-with-dsym";
				ENABLE_NS_ASSERTIONS = NO;
				ENABLE_STRICT_OBJC_MSGSEND = YES;
				GCC_C_LANGUAGE_STANDARD = gnu99;
				GCC_NO_COMMON_BLOCKS = YES;
				GCC_WARN_64_TO_32_BIT_CONVERSION = YES;
				GCC_WARN_ABOUT_RETURN_TYPE = YES_ERROR;
				GCC_WARN_UNDECLARED_SELECTOR = YES;
				GCC_WARN_UNINITIALIZED_AUTOS = YES_AGGRESSIVE;
				GCC_WARN_UNUSED_FUNCTION = YES;
				GCC_WARN_UNUSED_VARIABLE = YES;
				IPHONEOS_DEPLOYMENT_TARGET = 9.3;
				MTL_ENABLE_DEBUG_INFO = NO;
				SDKROOT = iphoneos;
				VALIDATE_PRODUCT = YES;
			};
			name = Release;
		};
		B26F85251D015376009E632F /* Debug */ = {
			isa = XCBuildConfiguration;
			buildSettings = {
				ASSETCATALOG_COMPILER_APPICON_NAME = AppIcon;
				INFOPLIST_FILE = Forage/Info.plist;
				LD_RUNPATH_SEARCH_PATHS = "$(inherited) @executable_path/Frameworks";
				PRODUCT_BUNDLE_IDENTIFIER = com.derivative.Forage;
				PRODUCT_NAME = "$(TARGET_NAME)";
			};
			name = Debug;
		};
		B26F85261D015376009E632F /* Release */ = {
			isa = XCBuildConfiguration;
			buildSettings = {
				ASSETCATALOG_COMPILER_APPICON_NAME = AppIcon;
				INFOPLIST_FILE = Forage/Info.plist;
				LD_RUNPATH_SEARCH_PATHS = "$(inherited) @executable_path/Frameworks";
				PRODUCT_BUNDLE_IDENTIFIER = com.derivative.Forage;
				PRODUCT_NAME = "$(TARGET_NAME)";
			};
			name = Release;
		};
/* End XCBuildConfiguration section */

/* Begin XCConfigurationList section */
		B26F850D1D015376009E632F /* Build configuration list for PBXProject "Forage" */ = {
			isa = XCConfigurationList;
			buildConfigurations = (
				B26F85221D015376009E632F /* Debug */,
				B26F85231D015376009E632F /* Release */,
			);
			defaultConfigurationIsVisible = 0;
			defaultConfigurationName = Release;
		};
		B26F85241D015376009E632F /* Build configuration list for PBXNativeTarget "Forage" */ = {
			isa = XCConfigurationList;
			buildConfigurations = (
				B26F85251D015376009E632F /* Debug */,
				B26F85261D015376009E632F /* Release */,
			);
			defaultConfigurationIsVisible = 0;
			defaultConfigurationName = Release;
		};
/* End XCConfigurationList section */
	};
	rootObject = B26F850A1D015376009E632F /* Project object */;
}
